
Microsoft Visual Studio Solution File, Format Version 12.00
# Visual Studio Version 17
VisualStudioVersion = 17.4.33205.214
MinimumVisualStudioVersion = 10.0.40219.1
Project("{FAE04EC0-301F-11D3-BF4B-00C04F79EFBC}") = "helloworld", "helloworld.csproj", "{4590AF6F-5923-410F-8F46-D4F70D565022}"
EndProject
Global
	GlobalSection(SolutionConfigurationPlatforms) = preSolution
		Debug|Any CPU = Debug|Any CPU
		Release|Any CPU = Release|Any CPU
	EndGlobalSection
	GlobalSection(ProjectConfigurationPlatforms) = postSolution
		{4590AF6F-5923-410F-8F46-D4F70D565022}.Debug|Any CPU.ActiveCfg = Debug|Any CPU
		{4590AF6F-5923-410F-8F46-D4F70D565022}.Debug|Any CPU.Build.0 = Debug|Any CPU
		{4590AF6F-5923-410F-8F46-D4F70D565022}.Release|Any CPU.ActiveCfg = Release|Any CPU
		{4590AF6F-5923-410F-8F46-D4F70D565022}.Release|Any CPU.Build.0 = Release|Any CPU
	EndGlobalSection
	GlobalSection(SolutionProperties) = preSolution
		HideSolutionNode = FALSE
	EndGlobalSection
	GlobalSection(ExtensibilityGlobals) = postSolution
		SolutionGuid = {6CDFE3F5-085F-4776-813D-A137513CB0B0}
	EndGlobalSection
EndGlobal
